# THIS IS AN AUTOGENERATED FILE. DO NOT EDIT THIS FILE DIRECTLY.
# yarn lockfile v1


"@types/parse-unit@^1.0.1":
  version "1.0.1"
  resolved "https://registry.npmjs.org/@types/parse-unit/-/parse-unit-1.0.1.tgz"
  integrity sha512-p6QazF9lsJKxD+l/jcPQSGthgFbtKQuNSOH48zdPCnItg2qrvKGwaDd5KRmdsC/qmJ20zGafQ/VzNtIfi7AfiA==

fontsource-inter@^4.0.0:
  version "4.0.0"
  resolved "https://registry.npmjs.org/fontsource-inter/-/fontsource-inter-4.0.0.tgz"
  integrity sha512-TicQe9zq5GS12vE/ZOE+iXkJ0GN+Tem4TrIbPyOsGn3OaTrs/bmc/a4BjDzJsxS8+Qr3t121Bw5acyeqb4fiAQ==

parse-unit@^1.0.1:
  version "1.0.1"
  resolved "https://registry.npmjs.org/parse-unit/-/parse-unit-1.0.1.tgz"
  integrity sha512-hrqldJHokR3Qj88EIlV/kAyAi/G5R2+R56TBANxNMy0uPlYcttx0jnMW6Yx5KsKPSbC3KddM/7qQm3+0wEXKxg==

tailwindcss-font-inter@^3.0.1:
  version "3.0.1"
  resolved "https://registry.npmjs.org/tailwindcss-font-inter/-/tailwindcss-font-inter-3.0.1.tgz"
  integrity sha512-wN0uIB+OzQk8ItqFoEl/eQM4H05AgNbqlI++IDb5B4Fqz8imee2dJAy85jyARwTUUouMwdwdBjx7yxXf22CyCg==
  dependencies:
    "@types/parse-unit" "^1.0.1"
    parse-unit "^1.0.1"
